
Microsoft Visual Studio Solution File, Format Version 12.00
# Visual Studio 14
VisualStudioVersion = 14.0.24720.0
MinimumVisualStudioVersion = 10.0.40219.1
Project("{8BC9CEB8-8B4A-11D0-8D11-00A0C91BC942}") = "Siv3D_", "Siv3D_\Siv3D_.vcxproj", "{01EBD207-CEBE-4DA3-A9A9-7D6E6169945A}"
EndProject
Project("{8BC9CEB8-8B4A-11D0-8D11-00A0C91BC942}") = "Quaternion", "Quaternion\Quaternion.vcxproj", "{9BB5F8EB-0AE6-4E55-8697-DE519E3924BD}"
EndProject
Project("{8BC9CEB8-8B4A-11D0-8D11-00A0C91BC942}") = "Console", "Console\Console.vcxproj", "{29E51C4C-9FEF-4AAB-9AD5-666A352A1B42}"
EndProject
Project("{8BC9CEB8-8B4A-11D0-8D11-00A0C91BC942}") = "PrimitiveType", "PrimitiveType\PrimitiveType.vcxproj", "{ECF0D933-0E7E-4EA4-A38B-F2018A67F228}"
EndProject
Project("{8BC9CEB8-8B4A-11D0-8D11-00A0C91BC942}") = "Matrix", "Matrix\Matrix.vcxproj", "{50E69D48-0A64-40B7-888E-352A9318F55F}"
EndProject
Project("{8BC9CEB8-8B4A-11D0-8D11-00A0C91BC942}") = "Siv3D", "Siv3D\Siv3D.vcxproj", "{FF69E526-11AF-4785-A58C-9C22D2ECF2F3}"
EndProject
Global
	GlobalSection(SolutionConfigurationPlatforms) = preSolution
		Debug|Win32 = Debug|Win32
		Debug|x64 = Debug|x64
		Release|Win32 = Release|Win32
		Release|x64 = Release|x64
	EndGlobalSection
	GlobalSection(ProjectConfigurationPlatforms) = postSolution
		{01EBD207-CEBE-4DA3-A9A9-7D6E6169945A}.Debug|Win32.ActiveCfg = Debug|Win32
		{01EBD207-CEBE-4DA3-A9A9-7D6E6169945A}.Debug|Win32.Build.0 = Debug|Win32
		{01EBD207-CEBE-4DA3-A9A9-7D6E6169945A}.Debug|x64.ActiveCfg = Debug|Win32
		{01EBD207-CEBE-4DA3-A9A9-7D6E6169945A}.Release|Win32.ActiveCfg = Release|Win32
		{01EBD207-CEBE-4DA3-A9A9-7D6E6169945A}.Release|Win32.Build.0 = Release|Win32
		{01EBD207-CEBE-4DA3-A9A9-7D6E6169945A}.Release|x64.ActiveCfg = Release|Win32
		{9BB5F8EB-0AE6-4E55-8697-DE519E3924BD}.Debug|Win32.ActiveCfg = Debug|Win32
		{9BB5F8EB-0AE6-4E55-8697-DE519E3924BD}.Debug|Win32.Build.0 = Debug|Win32
		{9BB5F8EB-0AE6-4E55-8697-DE519E3924BD}.Debug|x64.ActiveCfg = Debug|x64
		{9BB5F8EB-0AE6-4E55-8697-DE519E3924BD}.Debug|x64.Build.0 = Debug|x64
		{9BB5F8EB-0AE6-4E55-8697-DE519E3924BD}.Release|Win32.ActiveCfg = Release|Win32
		{9BB5F8EB-0AE6-4E55-8697-DE519E3924BD}.Release|Win32.Build.0 = Release|Win32
		{9BB5F8EB-0AE6-4E55-8697-DE519E3924BD}.Release|x64.ActiveCfg = Release|x64
		{9BB5F8EB-0AE6-4E55-8697-DE519E3924BD}.Release|x64.Build.0 = Release|x64
		{29E51C4C-9FEF-4AAB-9AD5-666A352A1B42}.Debug|Win32.ActiveCfg = Debug|Win32
		{29E51C4C-9FEF-4AAB-9AD5-666A352A1B42}.Debug|Win32.Build.0 = Debug|Win32
		{29E51C4C-9FEF-4AAB-9AD5-666A352A1B42}.Debug|x64.ActiveCfg = Debug|x64
		{29E51C4C-9FEF-4AAB-9AD5-666A352A1B42}.Debug|x64.Build.0 = Debug|x64
		{29E51C4C-9FEF-4AAB-9AD5-666A352A1B42}.Release|Win32.ActiveCfg = Release|Win32
		{29E51C4C-9FEF-4AAB-9AD5-666A352A1B42}.Release|Win32.Build.0 = Release|Win32
		{29E51C4C-9FEF-4AAB-9AD5-666A352A1B42}.Release|x64.ActiveCfg = Release|x64
		{29E51C4C-9FEF-4AAB-9AD5-666A352A1B42}.Release|x64.Build.0 = Release|x64
		{ECF0D933-0E7E-4EA4-A38B-F2018A67F228}.Debug|Win32.ActiveCfg = Debug|Win32
		{ECF0D933-0E7E-4EA4-A38B-F2018A67F228}.Debug|Win32.Build.0 = Debug|Win32
		{ECF0D933-0E7E-4EA4-A38B-F2018A67F228}.Debug|x64.ActiveCfg = Debug|x64
		{ECF0D933-0E7E-4EA4-A38B-F2018A67F228}.Debug|x64.Build.0 = Debug|x64
		{ECF0D933-0E7E-4EA4-A38B-F2018A67F228}.Release|Win32.ActiveCfg = Release|Win32
		{ECF0D933-0E7E-4EA4-A38B-F2018A67F228}.Release|Win32.Build.0 = Release|Win32
		{ECF0D933-0E7E-4EA4-A38B-F2018A67F228}.Release|x64.ActiveCfg = Release|x64
		{ECF0D933-0E7E-4EA4-A38B-F2018A67F228}.Release|x64.Build.0 = Release|x64
		{50E69D48-0A64-40B7-888E-352A9318F55F}.Debug|Win32.ActiveCfg = Debug|Win32
		{50E69D48-0A64-40B7-888E-352A9318F55F}.Debug|Win32.Build.0 = Debug|Win32
		{50E69D48-0A64-40B7-888E-352A9318F55F}.Debug|x64.ActiveCfg = Debug|x64
		{50E69D48-0A64-40B7-888E-352A9318F55F}.Debug|x64.Build.0 = Debug|x64
		{50E69D48-0A64-40B7-888E-352A9318F55F}.Release|Win32.ActiveCfg = Release|Win32
		{50E69D48-0A64-40B7-888E-352A9318F55F}.Release|Win32.Build.0 = Release|Win32
		{50E69D48-0A64-40B7-888E-352A9318F55F}.Release|x64.ActiveCfg = Release|x64
		{50E69D48-0A64-40B7-888E-352A9318F55F}.Release|x64.Build.0 = Release|x64
		{FF69E526-11AF-4785-A58C-9C22D2ECF2F3}.Debug|Win32.ActiveCfg = Debug|x64
		{FF69E526-11AF-4785-A58C-9C22D2ECF2F3}.Debug|x64.ActiveCfg = Debug|x64
		{FF69E526-11AF-4785-A58C-9C22D2ECF2F3}.Debug|x64.Build.0 = Debug|x64
		{FF69E526-11AF-4785-A58C-9C22D2ECF2F3}.Release|Win32.ActiveCfg = Release|x64
		{FF69E526-11AF-4785-A58C-9C22D2ECF2F3}.Release|x64.ActiveCfg = Release|x64
		{FF69E526-11AF-4785-A58C-9C22D2ECF2F3}.Release|x64.Build.0 = Release|x64
	EndGlobalSection
	GlobalSection(SolutionProperties) = preSolution
		HideSolutionNode = FALSE
	EndGlobalSection
EndGlobal
